
Microsoft Visual Studio Solution File, Format Version 12.00
# Visual Studio Version 17
VisualStudioVersion = 17.4.33205.214
MinimumVisualStudioVersion = 10.0.40219.1
Project("{FAE04EC0-301F-11D3-BF4B-00C04F79EFBC}") = "MyCars", "MyCars\MyCars.csproj", "{F969C74D-7DD4-487C-8079-A727DB44A757}"
EndProject
Global
	GlobalSection(SolutionConfigurationPlatforms) = preSolution
		Debug|Any CPU = Debug|Any CPU
		Release|Any CPU = Release|Any CPU
	EndGlobalSection
	GlobalSection(ProjectConfigurationPlatforms) = postSolution
		{F969C74D-7DD4-487C-8079-A727DB44A757}.Debug|Any CPU.ActiveCfg = Debug|Any CPU
		{F969C74D-7DD4-487C-8079-A727DB44A757}.Debug|Any CPU.Build.0 = Debug|Any CPU
		{F969C74D-7DD4-487C-8079-A727DB44A757}.Release|Any CPU.ActiveCfg = Release|Any CPU
		{F969C74D-7DD4-487C-8079-A727DB44A757}.Release|Any CPU.Build.0 = Release|Any CPU
	EndGlobalSection
	GlobalSection(SolutionProperties) = preSolution
		HideSolutionNode = FALSE
	EndGlobalSection
	GlobalSection(ExtensibilityGlobals) = postSolution
		SolutionGuid = {F2AE771D-2F1A-417E-88DD-2C7C31FFA116}
	EndGlobalSection
EndGlobal
